
Microsoft Visual Studio Solution File, Format Version 12.00
# Visual Studio Version 16
VisualStudioVersion = 16.0.30523.141
MinimumVisualStudioVersion = 10.0.40219.1
Project("{FAE04EC0-301F-11D3-BF4B-00C04F79EFBC}") = "SparseMatrix", "SparseMatrix\SparseMatrix.csproj", "{4E676B6C-8E5B-4CF3-898D-03004B9421A7}"
EndProject
Global
	GlobalSection(SolutionConfigurationPlatforms) = preSolution
		Debug|Any CPU = Debug|Any CPU
		Release|Any CPU = Release|Any CPU
	EndGlobalSection
	GlobalSection(ProjectConfigurationPlatforms) = postSolution
		{4E676B6C-8E5B-4CF3-898D-03004B9421A7}.Debug|Any CPU.ActiveCfg = Debug|Any CPU
		{4E676B6C-8E5B-4CF3-898D-03004B9421A7}.Debug|Any CPU.Build.0 = Debug|Any CPU
		{4E676B6C-8E5B-4CF3-898D-03004B9421A7}.Release|Any CPU.ActiveCfg = Release|Any CPU
		{4E676B6C-8E5B-4CF3-898D-03004B9421A7}.Release|Any CPU.Build.0 = Release|Any CPU
	EndGlobalSection
	GlobalSection(SolutionProperties) = preSolution
		HideSolutionNode = FALSE
	EndGlobalSection
	GlobalSection(ExtensibilityGlobals) = postSolution
		SolutionGuid = {EC9005CD-29B8-4065-9287-789F3BAEE41A}
	EndGlobalSection
EndGlobal
