
Microsoft Visual Studio Solution File, Format Version 12.00
# Visual Studio Version 16
VisualStudioVersion = 16.0.808.3
MinimumVisualStudioVersion = 10.0.40219.1
Project("{FAE04EC0-301F-11D3-BF4B-00C04F79EFBC}") = "SoftwareStoreWebsite", "SoftwareStoreWebsite\SoftwareStoreWebsite.csproj", "{4113387E-3CA9-45E3-AF30-D9273D74ABCF}"
EndProject
Global
	GlobalSection(SolutionConfigurationPlatforms) = preSolution
		Debug|Any CPU = Debug|Any CPU
		Release|Any CPU = Release|Any CPU
	EndGlobalSection
	GlobalSection(ProjectConfigurationPlatforms) = postSolution
		{4113387E-3CA9-45E3-AF30-D9273D74ABCF}.Debug|Any CPU.ActiveCfg = Debug|Any CPU
		{4113387E-3CA9-45E3-AF30-D9273D74ABCF}.Debug|Any CPU.Build.0 = Debug|Any CPU
		{4113387E-3CA9-45E3-AF30-D9273D74ABCF}.Release|Any CPU.ActiveCfg = Release|Any CPU
		{4113387E-3CA9-45E3-AF30-D9273D74ABCF}.Release|Any CPU.Build.0 = Release|Any CPU
	EndGlobalSection
	GlobalSection(SolutionProperties) = preSolution
		HideSolutionNode = FALSE
	EndGlobalSection
	GlobalSection(ExtensibilityGlobals) = postSolution
		SolutionGuid = {34F87CC6-B135-4245-A5F2-B3C89C6085B2}
	EndGlobalSection
EndGlobal
